// !$*UTF8*$!
{
	archiveVersion = 1;
	classes = {
	};
	objectVersion = 42;
	objects = {

/* Begin PBXBuildStyle section */
		88230FFC05D9926E00FE8D22 /* Debug */ = {
			isa = PBXBuildStyle;
			buildSettings = {
				COPY_PHASE_STRIP = NO;
			};
			name = Debug;
		};
		88230FFD05D9926E00FE8D22 /* Release */ = {
			isa = PBXBuildStyle;
			buildSettings = {
				COPY_PHASE_STRIP = YES;
			};
			name = Release;
		};
/* End PBXBuildStyle section */

/* Begin PBXFileReference section */
		2B424424093FE71300879790 /* Console.java */ = {isa = PBXFileReference; fileEncoding = 4; lastKnownFileType = sourcecode.java; path = Console.java; sourceTree = "<group>"; };
		2B424426093FE71300879790 /* Clusters1D.java */ = {isa = PBXFileReference; fileEncoding = 4; lastKnownFileType = sourcecode.java; path = Clusters1D.java; sourceTree = "<group>"; };
		2B424428093FE71300879790 /* FastIsing1DApp.java */ = {isa = PBXFileReference; fileEncoding = 4; lastKnownFileType = sourcecode.java; path = FastIsing1DApp.java; sourceTree = "<group>"; };
		2B424429093FE71300879790 /* FastIsing2DApp.java */ = {isa = PBXFileReference; fileEncoding = 4; lastKnownFileType = sourcecode.java; path = FastIsing2DApp.java; sourceTree = "<group>"; };
		2B42442A093FE71300879790 /* SpinBlockIndexer.java */ = {isa = PBXFileReference; fileEncoding = 4; lastKnownFileType = sourcecode.java; path = SpinBlockIndexer.java; sourceTree = "<group>"; };
		2B42442B093FE71300879790 /* SpinBlocks1D.java */ = {isa = PBXFileReference; fileEncoding = 4; lastKnownFileType = sourcecode.java; path = SpinBlocks1D.java; sourceTree = "<group>"; };
		2B42442C093FE71300879790 /* SpinBlocks2D.java */ = {isa = PBXFileReference; fileEncoding = 4; lastKnownFileType = sourcecode.java; path = SpinBlocks2D.java; sourceTree = "<group>"; };
		2B42442D093FE71300879790 /* Langevin1D.java */ = {isa = PBXFileReference; fileEncoding = 4; lastKnownFileType = sourcecode.java; path = Langevin1D.java; sourceTree = "<group>"; };
		2B42442E093FE71300879790 /* Langevin1DApp.java */ = {isa = PBXFileReference; fileEncoding = 4; lastKnownFileType = sourcecode.java; path = Langevin1DApp.java; sourceTree = "<group>"; };
		2B42442F093FE71300879790 /* LangevinApp.java */ = {isa = PBXFileReference; fileEncoding = 4; lastKnownFileType = sourcecode.java; path = LangevinApp.java; sourceTree = "<group>"; };
		2B424430093FE71300879790 /* LangevinDroplet.java */ = {isa = PBXFileReference; fileEncoding = 4; lastKnownFileType = sourcecode.java; path = LangevinDroplet.java; sourceTree = "<group>"; };
		2B424431093FE71300879790 /* LangevinSaddleApp.java */ = {isa = PBXFileReference; fileEncoding = 4; lastKnownFileType = sourcecode.java; path = LangevinSaddleApp.java; sourceTree = "<group>"; };
		2B424433093FE71300879790 /* Langevin1D2.java */ = {isa = PBXFileReference; fileEncoding = 4; lastKnownFileType = sourcecode.java; path = Langevin1D2.java; sourceTree = "<group>"; };
		2B424434093FE71300879790 /* Langevin1DApp2.java */ = {isa = PBXFileReference; fileEncoding = 4; lastKnownFileType = sourcecode.java; path = Langevin1DApp2.java; sourceTree = "<group>"; };
		2B424435093FE71300879790 /* LangevinDroplet2.java */ = {isa = PBXFileReference; fileEncoding = 4; lastKnownFileType = sourcecode.java; path = LangevinDroplet2.java; sourceTree = "<group>"; };
		2B424437093FE71300879790 /* Dump.java */ = {isa = PBXFileReference; fileEncoding = 4; lastKnownFileType = sourcecode.java; path = Dump.java; sourceTree = "<group>"; };
		2B424439093FE71300879790 /* Gnuplot.java */ = {isa = PBXFileReference; fileEncoding = 4; lastKnownFileType = sourcecode.java; path = Gnuplot.java; sourceTree = "<group>"; };
		2B42443A093FE71300879790 /* MathEvaluator.java */ = {isa = PBXFileReference; fileEncoding = 4; lastKnownFileType = sourcecode.java; path = MathEvaluator.java; sourceTree = "<group>"; };
		2B42443B093FE71300879790 /* Plot.java */ = {isa = PBXFileReference; fileEncoding = 4; lastKnownFileType = sourcecode.java; path = Plot.java; sourceTree = "<group>"; };
		2B42443C093FE71300879790 /* Random.java */ = {isa = PBXFileReference; fileEncoding = 4; lastKnownFileType = sourcecode.java; path = Random.java; sourceTree = "<group>"; };
		2B42443E093FE71300879790 /* PistonApp.java */ = {isa = PBXFileReference; fileEncoding = 4; lastKnownFileType = sourcecode.java; path = PistonApp.java; sourceTree = "<group>"; };
		2B424441093FE71300879790 /* Control.java */ = {isa = PBXFileReference; fileEncoding = 4; lastKnownFileType = sourcecode.java; path = Control.java; sourceTree = "<group>"; };
		2B424442093FE71300879790 /* Job.java */ = {isa = PBXFileReference; fileEncoding = 4; lastKnownFileType = sourcecode.java; path = Job.java; sourceTree = "<group>"; };
		2B424443093FE71300879790 /* JobManager.java */ = {isa = PBXFileReference; fileEncoding = 4; lastKnownFileType = sourcecode.java; path = JobManager.java; sourceTree = "<group>"; };
		2B424444093FE71300879790 /* Parameters.java */ = {isa = PBXFileReference; fileEncoding = 4; lastKnownFileType = sourcecode.java; path = Parameters.java; sourceTree = "<group>"; };
		2B424446093FE71300879790 /* Accumulator.java */ = {isa = PBXFileReference; fileEncoding = 4; lastKnownFileType = sourcecode.java; path = Accumulator.java; sourceTree = "<group>"; };
		2B424447093FE71300879790 /* DataSet.java */ = {isa = PBXFileReference; fileEncoding = 4; lastKnownFileType = sourcecode.java; path = DataSet.java; sourceTree = "<group>"; };
		2B424448093FE71300879790 /* Display.java */ = {isa = PBXFileReference; fileEncoding = 4; lastKnownFileType = sourcecode.java; path = Display.java; sourceTree = "<group>"; };
		2B424449093FE71300879790 /* DynamicArray.java */ = {isa = PBXFileReference; fileEncoding = 4; lastKnownFileType = sourcecode.java; path = DynamicArray.java; sourceTree = "<group>"; };
		2B42444A093FE71300879790 /* EmptyPlot.java */ = {isa = PBXFileReference; fileEncoding = 4; lastKnownFileType = sourcecode.java; path = EmptyPlot.java; sourceTree = "<group>"; };
		2B42444B093FE71300879790 /* Histogram.java */ = {isa = PBXFileReference; fileEncoding = 4; lastKnownFileType = sourcecode.java; path = Histogram.java; sourceTree = "<group>"; };
		2B42444C093FE71300879790 /* Plot.java */ = {isa = PBXFileReference; fileEncoding = 4; lastKnownFileType = sourcecode.java; path = Plot.java; sourceTree = "<group>"; };
		2B42444D093FE71300879790 /* PointSet.java */ = {isa = PBXFileReference; fileEncoding = 4; lastKnownFileType = sourcecode.java; path = PointSet.java; sourceTree = "<group>"; };
		2B42444F093FE71A00879790 /* build.xml */ = {isa = PBXFileReference; fileEncoding = 4; lastKnownFileType = text.xml; path = build.xml; sourceTree = "<group>"; };
/* End PBXFileReference section */

/* Begin PBXGroup section */
		2B424422093FE71300879790 /* src */ = {
			isa = PBXGroup;
			children = (
				2B424423093FE71300879790 /* kip */,
				2B42443D093FE71300879790 /* mina */,
				2B42443F093FE71300879790 /* scikit */,
			);
			path = src;
			sourceTree = "<group>";
		};
		2B424423093FE71300879790 /* kip */ = {
			isa = PBXGroup;
			children = (
				2B424424093FE71300879790 /* Console.java */,
				2B424425093FE71300879790 /* ising */,
				2B42442D093FE71300879790 /* Langevin1D.java */,
				2B42442E093FE71300879790 /* Langevin1DApp.java */,
				2B42442F093FE71300879790 /* LangevinApp.java */,
				2B424430093FE71300879790 /* LangevinDroplet.java */,
				2B424431093FE71300879790 /* LangevinSaddleApp.java */,
				2B424432093FE71300879790 /* next */,
				2B424436093FE71300879790 /* util */,
			);
			path = kip;
			sourceTree = "<group>";
		};
		2B424425093FE71300879790 /* ising */ = {
			isa = PBXGroup;
			children = (
				2B424426093FE71300879790 /* Clusters1D.java */,
				2B424427093FE71300879790 /* excludes */,
				2B424428093FE71300879790 /* FastIsing1DApp.java */,
				2B424429093FE71300879790 /* FastIsing2DApp.java */,
				2B42442A093FE71300879790 /* SpinBlockIndexer.java */,
				2B42442B093FE71300879790 /* SpinBlocks1D.java */,
				2B42442C093FE71300879790 /* SpinBlocks2D.java */,
			);
			path = ising;
			sourceTree = "<group>";
		};
		2B424427093FE71300879790 /* excludes */ = {
			isa = PBXGroup;
			children = (
			);
			path = excludes;
			sourceTree = "<group>";
		};
		2B424432093FE71300879790 /* next */ = {
			isa = PBXGroup;
			children = (
				2B424433093FE71300879790 /* Langevin1D2.java */,
				2B424434093FE71300879790 /* Langevin1DApp2.java */,
				2B424435093FE71300879790 /* LangevinDroplet2.java */,
			);
			path = next;
			sourceTree = "<group>";
		};
		2B424436093FE71300879790 /* util */ = {
			isa = PBXGroup;
			children = (
				2B424437093FE71300879790 /* Dump.java */,
				2B424438093FE71300879790 /* excludes */,
				2B42443C093FE71300879790 /* Random.java */,
			);
			path = util;
			sourceTree = "<group>";
		};
		2B424438093FE71300879790 /* excludes */ = {
			isa = PBXGroup;
			children = (
				2B424439093FE71300879790 /* Gnuplot.java */,
				2B42443A093FE71300879790 /* MathEvaluator.java */,
				2B42443B093FE71300879790 /* Plot.java */,
			);
			path = excludes;
			sourceTree = "<group>";
		};
		2B42443D093FE71300879790 /* mina */ = {
			isa = PBXGroup;
			children = (
				2B42443E093FE71300879790 /* PistonApp.java */,
			);
			path = mina;
			sourceTree = "<group>";
		};
		2B42443F093FE71300879790 /* scikit */ = {
			isa = PBXGroup;
			children = (
				2B424440093FE71300879790 /* jobs */,
				2B424445093FE71300879790 /* plot */,
				2B42444E093FE71300879790 /* util */,
			);
			path = scikit;
			sourceTree = "<group>";
		};
		2B424440093FE71300879790 /* jobs */ = {
			isa = PBXGroup;
			children = (
				2B424441093FE71300879790 /* Control.java */,
				2B424442093FE71300879790 /* Job.java */,
				2B424443093FE71300879790 /* JobManager.java */,
				2B424444093FE71300879790 /* Parameters.java */,
			);
			path = jobs;
			sourceTree = "<group>";
		};
		2B424445093FE71300879790 /* plot */ = {
			isa = PBXGroup;
			children = (
				2B424446093FE71300879790 /* Accumulator.java */,
				2B424447093FE71300879790 /* DataSet.java */,
				2B424448093FE71300879790 /* Display.java */,
				2B424449093FE71300879790 /* DynamicArray.java */,
				2B42444A093FE71300879790 /* EmptyPlot.java */,
				2B42444B093FE71300879790 /* Histogram.java */,
				2B42444C093FE71300879790 /* Plot.java */,
				2B42444D093FE71300879790 /* PointSet.java */,
			);
			path = plot;
			sourceTree = "<group>";
		};
		2B42444E093FE71300879790 /* util */ = {
			isa = PBXGroup;
			children = (
			);
			path = util;
			sourceTree = "<group>";
		};
		88230FFA05D9926E00FE8D22 = {
			isa = PBXGroup;
			children = (
				2B42444F093FE71A00879790 /* build.xml */,
				2B424422093FE71300879790 /* src */,
			);
			sourceTree = "<group>";
		};
/* End PBXGroup section */

/* Begin PBXLegacyTarget section */
		8823100505D9929B00FE8D22 /* JavaSimulations */ = {
			isa = PBXLegacyTarget;
			buildArgumentsString = "-emacs $(ACTION)";
			buildConfigurationList = 2B424418093FE6CA00879790 /* Build configuration list for PBXLegacyTarget "JavaSimulations" */;
			buildPhases = (
			);
			buildSettings = {
				PRODUCT_NAME = JavaSimulations;
			};
			buildToolPath = /Developer/Java/Ant/bin/ant;
			dependencies = (
			);
			name = JavaSimulations;
			passBuildSettingsInEnvironment = 1;
			productName = JavaSimulations;
		};
/* End PBXLegacyTarget section */

/* Begin PBXProject section */
		88230FFE05D9926E00FE8D22 /* Project object */ = {
			isa = PBXProject;
			buildConfigurationList = 2B42441C093FE6CA00879790 /* Build configuration list for PBXProject "JavaSimulations" */;
			buildSettings = {
			};
			buildStyles = (
				88230FFC05D9926E00FE8D22 /* Debug */,
				88230FFD05D9926E00FE8D22 /* Release */,
			);
			hasScannedForEncodings = 1;
			mainGroup = 88230FFA05D9926E00FE8D22;
			projectDirPath = "";
			targets = (
				8823100505D9929B00FE8D22 /* JavaSimulations */,
			);
		};
/* End PBXProject section */

/* Begin XCBuildConfiguration section */
		2B424419093FE6CA00879790 /* Debug */ = {
			isa = XCBuildConfiguration;
			buildSettings = {
				COPY_PHASE_STRIP = NO;
				PRODUCT_NAME = JavaSimulations;
			};
			name = Debug;
		};
		2B42441A093FE6CA00879790 /* Release */ = {
			isa = XCBuildConfiguration;
			buildSettings = {
				COPY_PHASE_STRIP = YES;
				PRODUCT_NAME = JavaSimulations;
			};
			name = Release;
		};
		2B42441B093FE6CA00879790 /* Default */ = {
			isa = XCBuildConfiguration;
			buildSettings = {
				PRODUCT_NAME = JavaSimulations;
			};
			name = Default;
		};
		2B42441D093FE6CA00879790 /* Debug */ = {
			isa = XCBuildConfiguration;
			buildSettings = {
			};
			name = Debug;
		};
		2B42441E093FE6CA00879790 /* Release */ = {
			isa = XCBuildConfiguration;
			buildSettings = {
			};
			name = Release;
		};
		2B42441F093FE6CA00879790 /* Default */ = {
			isa = XCBuildConfiguration;
			buildSettings = {
			};
			name = Default;
		};
/* End XCBuildConfiguration section */

/* Begin XCConfigurationList section */
		2B424418093FE6CA00879790 /* Build configuration list for PBXLegacyTarget "JavaSimulations" */ = {
			isa = XCConfigurationList;
			buildConfigurations = (
				2B424419093FE6CA00879790 /* Debug */,
				2B42441A093FE6CA00879790 /* Release */,
				2B42441B093FE6CA00879790 /* Default */,
			);
			defaultConfigurationIsVisible = 0;
			defaultConfigurationName = Default;
		};
		2B42441C093FE6CA00879790 /* Build configuration list for PBXProject "JavaSimulations" */ = {
			isa = XCConfigurationList;
			buildConfigurations = (
				2B42441D093FE6CA00879790 /* Debug */,
				2B42441E093FE6CA00879790 /* Release */,
				2B42441F093FE6CA00879790 /* Default */,
			);
			defaultConfigurationIsVisible = 0;
			defaultConfigurationName = Default;
		};
/* End XCConfigurationList section */
	};
	rootObject = 88230FFE05D9926E00FE8D22 /* Project object */;
}
